
Microsoft Visual Studio Solution File, Format Version 12.00
# Visual Studio Version 17
VisualStudioVersion = 17.0.31919.166
MinimumVisualStudioVersion = 10.0.40219.1
Project("{FAE04EC0-301F-11D3-BF4B-00C04F79EFBC}") = "Conversion_DWG", "Conversion_DWG.csproj", "{9B979038-D75F-4BA1-82FA-F52BAAF10F4B}"
EndProject
Global
	GlobalSection(SolutionConfigurationPlatforms) = preSolution
		Debug|Any CPU = Debug|Any CPU
		Release|Any CPU = Release|Any CPU
	EndGlobalSection
	GlobalSection(ProjectConfigurationPlatforms) = postSolution
		{9B979038-D75F-4BA1-82FA-F52BAAF10F4B}.Debug|Any CPU.ActiveCfg = Debug|Any CPU
		{9B979038-D75F-4BA1-82FA-F52BAAF10F4B}.Debug|Any CPU.Build.0 = Debug|Any CPU
		{9B979038-D75F-4BA1-82FA-F52BAAF10F4B}.Release|Any CPU.ActiveCfg = Release|Any CPU
		{9B979038-D75F-4BA1-82FA-F52BAAF10F4B}.Release|Any CPU.Build.0 = Release|Any CPU
	EndGlobalSection
	GlobalSection(SolutionProperties) = preSolution
		HideSolutionNode = FALSE
	EndGlobalSection
	GlobalSection(ExtensibilityGlobals) = postSolution
		SolutionGuid = {C78B0805-83AE-4940-B276-596B2B9112C8}
	EndGlobalSection
EndGlobal
